<?xml version="1.0" encoding="utf-8"?>
<Project ToolsVersion="4.0" xmlns="http://schemas.microsoft.com/developer/msbuild/2003">
  <ItemGroup>
    <Filter Include="Source Files">
      <UniqueIdentifier>{4FC737F1-C7A5-4376-A066-2A32D752A2FF}</UniqueIdentifier>
      <Extensions>cpp;c;cc;cxx;def;odl;idl;hpj;bat;asm;asmx</Extensions>
    </Filter>
    <Filter Include="Header Files">
      <UniqueIdentifier>{93995380-89BD-4b04-88EB-625FBE52EBFB}</UniqueIdentifier>
      <Extensions>h;hpp;hxx;hm;inl;inc;xsd</Extensions>
    </Filter>
    <Filter Include="Resource Files">
      <UniqueIdentifier>{67DA6AB6-F800-4c08-8B7A-83BB121AAD01}</UniqueIdentifier>
      <Extensions>rc;ico;cur;bmp;dlg;rc2;rct;bin;rgs;gif;jpg;jpeg;jpe;resx;tiff;tif;png;wav</Extensions>
    </Filter>
    <Filter Include="Lib">
      <UniqueIdentifier>{bbc66e0d-5b8b-4703-9bc6-0931384850c1}</UniqueIdentifier>
    </Filter>
    <Filter Include="User">
      <UniqueIdentifier>{861eb809-3fc6-4689-8f0f-b4f8efeefc21}</UniqueIdentifier>
    </Filter>
    <Filter Include="User\Scenes">
      <UniqueIdentifier>{5aed4001-f3d7-4367-9cc4-921e6a845300}</UniqueIdentifier>
    </Filter>
    <Filter Include="User\Utilitys">
      <UniqueIdentifier>{fa5b647c-4a8f-4763-b427-f8edd942d439}</UniqueIdentifier>
    </Filter>
    <Filter Include="User\Enemys">
      <UniqueIdentifier>{1505464f-b2ca-4a86-8fdb-af96d5ae497e}</UniqueIdentifier>
    </Filter>
    <Filter Include="User\Interfaces">
      <UniqueIdentifier>{e59c0bb8-9c5f-4eb4-b4db-1677880ba46f}</UniqueIdentifier>
    </Filter>
    <Filter Include="User\Player">
      <UniqueIdentifier>{e3984967-1f62-44a4-98f2-4f7279981a65}</UniqueIdentifier>
    </Filter>
    <Filter Include="User\Asset">
      <UniqueIdentifier>{e3b66faa-1dd2-41e6-bab0-d3f03428f231}</UniqueIdentifier>
    </Filter>
    <Filter Include="User\Field">
      <UniqueIdentifier>{2b274d2a-b072-4ab9-99bd-3b9db61c7e10}</UniqueIdentifier>
    </Filter>
    <Filter Include="User\Special">
      <UniqueIdentifier>{9824ed02-bc72-45a2-b7c9-e24d31301f40}</UniqueIdentifier>
    </Filter>
    <Filter Include="User\AttackFactory">
      <UniqueIdentifier>{dbd4a617-f889-4d93-8a94-5c2010772569}</UniqueIdentifier>
    </Filter>
    <Filter Include="User\Deffence">
      <UniqueIdentifier>{1bf737d9-e984-4cbc-9cad-3cb4cbd108ec}</UniqueIdentifier>
    </Filter>
    <Filter Include="User\SlashEffect">
      <UniqueIdentifier>{b470c7a0-27be-454f-ba55-153ca01d2f4b}</UniqueIdentifier>
    </Filter>
    <Filter Include="User\Networks">
      <UniqueIdentifier>{966be03b-3c0a-4aac-814c-290ded6c78b7}</UniqueIdentifier>
    </Filter>
    <Filter Include="User\SceneSystems">
      <UniqueIdentifier>{34970659-6335-4a48-aaf7-140a88ca1ad3}</UniqueIdentifier>
    </Filter>
    <Filter Include="User\Effect">
      <UniqueIdentifier>{1e3c688b-e26b-4dca-a73f-694babe85cbf}</UniqueIdentifier>
    </Filter>
    <Filter Include="Asset">
      <UniqueIdentifier>{a3a55d9d-7c10-461b-a043-8dc09a17475c}</UniqueIdentifier>
    </Filter>
    <Filter Include="User\ZKOO">
      <UniqueIdentifier>{5f9e654a-3936-4371-af76-966dd74fce80}</UniqueIdentifier>
    </Filter>
  </ItemGroup>
  <ItemGroup>
    <ClInclude Include="..\include\Resources.h">
      <Filter>Header Files</Filter>
    </ClInclude>
    <ClCompile Include="..\src\Lib\InputGamepad.cpp">
      <Filter>Lib</Filter>
    </ClCompile>
    <ClCompile Include="..\src\Lib\InputGamepadLib.cpp">
      <Filter>Lib</Filter>
    </ClCompile>
    <ClCompile Include="..\src\Lib\InputGamepadTask.cpp">
      <Filter>Lib</Filter>
    </ClCompile>
    <ClCompile Include="..\src\Lib\InputKey.cpp">
      <Filter>Lib</Filter>
    </ClCompile>
    <ClCompile Include="..\src\Lib\InputMouse.cpp">
      <Filter>Lib</Filter>
    </ClCompile>
    <ClCompile Include="..\src\Lib\InputTask.cpp">
      <Filter>Lib</Filter>
    </ClCompile>
    <ClCompile Include="..\src\Cinder.cpp">
      <Filter>Source Files</Filter>
    </ClCompile>
    <ClCompile Include="..\src\main.cpp">
      <Filter>Source Files</Filter>
    </ClCompile>
    <ClInclude Include="..\src\Lib\Input.h">
      <Filter>Lib</Filter>
    </ClInclude>
    <ClInclude Include="..\src\Lib\InputTouch.h">
      <Filter>Lib</Filter>
    </ClInclude>
    <ClInclude Include="..\src\User\Scenes\SceneTitle.h">
      <Filter>User\Scenes</Filter>
    </ClInclude>
    <ClInclude Include="..\src\User\SceneSystems\SceneBase.h">
      <Filter>User\SceneSystems</Filter>
    </ClInclude>
    <ClInclude Include="..\src\User\SceneSystems\SceneCreater.h">
      <Filter>User\SceneSystems</Filter>
    </ClInclude>
    <ClInclude Include="..\src\User\SceneSystems\SceneTask.h">
      <Filter>User\SceneSystems</Filter>
    </ClInclude>
    <ClInclude Include="..\include\Framework.hpp">
      <Filter>Header Files</Filter>
    </ClInclude>
    <ClInclude Include="..\include\Scene.hpp">
      <Filter>Header Files</Filter>
    </ClInclude>
    <ClInclude Include="..\src\User\Networks\NetworkDefines.h">
      <Filter>User\Networks</Filter>
    </ClInclude>
    <ClInclude Include="..\src\User\Networks\UnionChar.h">
      <Filter>User\Networks</Filter>
    </ClInclude>
    <ClInclude Include="..\src\User\Scenes\SceneStart.h">
      <Filter>User\Scenes</Filter>
    </ClInclude>
    <ClInclude Include="..\src\User\Networks\Network.h">
      <Filter>User\Networks</Filter>
    </ClInclude>
    <ClInclude Include="..\src\User\Utilitys\Colli2D.h">
      <Filter>User\Utilitys</Filter>
    </ClInclude>
    <ClInclude Include="..\src\User\Utilitys\Coloring.h">
      <Filter>User\Utilitys</Filter>
    </ClInclude>
    <ClInclude Include="..\src\User\Utilitys\ETC.h">
      <Filter>User\Utilitys</Filter>
    </ClInclude>
    <ClInclude Include="..\src\User\Utilitys\FileIO.h">
      <Filter>User\Utilitys</Filter>
    </ClInclude>
    <ClInclude Include="..\src\User\Player\Player.h">
      <Filter>User\Player</Filter>
    </ClInclude>
    <ClInclude Include="..\src\User\Attack\AttackFactory.h">
      <Filter>User\AttackFactory</Filter>
    </ClInclude>
    <ClInclude Include="..\src\User\Deffence\Deffence.h">
      <Filter>User\Deffence</Filter>
    </ClInclude>
    <ClInclude Include="..\src\User\SlashEffect\SlashEffect.h">
      <Filter>User\SlashEffect</Filter>
    </ClInclude>
    <ClInclude Include="..\src\User\Scenes\SceneGame.h">
      <Filter>User\Scenes</Filter>
    </ClInclude>
    <ClInclude Include="..\src\User\Assets\Assets.h">
      <Filter>User\Asset</Filter>
    </ClInclude>
    <ClInclude Include="..\src\User\Enemys\EnemyBase.h">
      <Filter>User\Enemys</Filter>
    </ClInclude>
    <ClInclude Include="..\src\User\Enemys\EnemyBulletBase.h">
      <Filter>User\Enemys</Filter>
    </ClInclude>
    <ClInclude Include="..\src\User\Enemys\EnemyBulletManager.h">
      <Filter>User\Enemys</Filter>
    </ClInclude>
    <ClInclude Include="..\src\User\Enemys\EnemyObject.h">
      <Filter>User\Enemys</Filter>
    </ClInclude>
    <ClInclude Include="..\src\User\Enemys\EnemyBulletTexture.h">
      <Filter>User\Enemys</Filter>
    </ClInclude>
    <ClInclude Include="..\src\User\Field\Field.h">
      <Filter>User\Field</Filter>
    </ClInclude>
    <ClInclude Include="..\src\User\Utilitys\Hirasawa.h">
      <Filter>User\Utilitys</Filter>
    </ClInclude>
    <ClInclude Include="..\src\User\Utilitys\Nomoto.h">
      <Filter>User\Utilitys</Filter>
    </ClInclude>
    <ClInclude Include="..\src\Lib\Environment.h">
      <Filter>Lib</Filter>
    </ClInclude>
    <ClInclude Include="..\src\User\Field\KarakuriObject.h">
      <Filter>User\Field</Filter>
    </ClInclude>
    <ClInclude Include="..\src\User\Enemys\EnemySlash.h">
      <Filter>User\Enemys</Filter>
    </ClInclude>
    <ClInclude Include="..\src\User\Enemys\EnemyBullet.h">
      <Filter>User\Enemys</Filter>
    </ClInclude>
    <ClInclude Include="..\src\User\Enemys\EnemyManager.h">
      <Filter>User\Enemys</Filter>
    </ClInclude>
    <ClInclude Include="..\src\User\Field\FieldManager.h">
      <Filter>User\Field</Filter>
    </ClInclude>
    <ClInclude Include="..\src\User\Scenes\SceneResult.h">
      <Filter>User\Scenes</Filter>
    </ClInclude>
    <ClInclude Include="..\src\User\Enemys\EnemyBoss.h">
      <Filter>User\Enemys</Filter>
    </ClInclude>
    <ClInclude Include="..\src\User\Special\Circle.h">
      <Filter>User\Special</Filter>
    </ClInclude>
    <ClInclude Include="..\src\User\Special\Fire.h">
      <Filter>User\Special</Filter>
    </ClInclude>
    <ClInclude Include="..\src\User\Special\Gage.h">
      <Filter>User\Special</Filter>
    </ClInclude>
    <ClInclude Include="..\src\User\Special\InObject.h">
      <Filter>User\Special</Filter>
    </ClInclude>
    <ClInclude Include="..\src\User\Special\NotSpecial.h">
      <Filter>User\Special</Filter>
    </ClInclude>
    <ClInclude Include="..\src\User\Special\RouteCircle.h">
      <Filter>User\Special</Filter>
    </ClInclude>
    <ClInclude Include="..\src\User\Special\SmallFire.h">
      <Filter>User\Special</Filter>
    </ClInclude>
    <ClInclude Include="..\src\User\Special\Special.h">
      <Filter>User\Special</Filter>
    </ClInclude>
    <ClInclude Include="..\src\User\Special\SpecialEffect.h">
      <Filter>User\Special</Filter>
    </ClInclude>
    <ClInclude Include="..\src\User\Special\SpecialMinigame.h">
      <Filter>User\Special</Filter>
    </ClInclude>
    <ClInclude Include="..\src\User\Special\SpecialName.h">
      <Filter>User\Special</Filter>
    </ClInclude>
    <ClInclude Include="..\src\User\Special\SpecialSceneBase.h">
      <Filter>User\Special</Filter>
    </ClInclude>
    <ClInclude Include="..\src\User\Special\SpecialSelect.h">
      <Filter>User\Special</Filter>
    </ClInclude>
    <ClInclude Include="..\src\User\Special\SubTime.h">
      <Filter>User\Special</Filter>
    </ClInclude>
    <ClInclude Include="..\src\User\Special\Tree.h">
      <Filter>User\Special</Filter>
    </ClInclude>
    <ClInclude Include="..\src\User\Special\Water.h">
      <Filter>User\Special</Filter>
    </ClInclude>
    <ClInclude Include="..\src\User\Utilitys\Audio.h">
      <Filter>User\Utilitys</Filter>
    </ClInclude>
    <ClInclude Include="..\src\User\Utilitys\fileUtil.hpp">
      <Filter>User\Utilitys</Filter>
    </ClInclude>
    <ClInclude Include="..\src\User\ZKOO\InputZKOO.h">
      <Filter>User\ZKOO</Filter>
    </ClInclude>
    <ClInclude Include="..\src\User\ZKOO\ZKOO.h">
      <Filter>User\ZKOO</Filter>
    </ClInclude>
    <ClInclude Include="..\src\User\ZKOO\ZKOOHand.h">
      <Filter>User\ZKOO</Filter>
    </ClInclude>
    <ClInclude Include="..\src\User\ZKOO\ZKOOMaker.h">
      <Filter>User\ZKOO</Filter>
    </ClInclude>
    <ClInclude Include="..\include\ZKOO.hpp">
      <Filter>Header Files</Filter>
    </ClInclude>
    <ClInclude Include="..\src\User\Utilitys\SearchSystem.h">
      <Filter>User\Utilitys</Filter>
    </ClInclude>
    <ClInclude Include="..\src\User\Utilitys\GlobalData.h">
      <Filter>User\Utilitys</Filter>
    </ClInclude>
    <ClInclude Include="..\include\GlobalData.hpp">
      <Filter>Header Files</Filter>
    </ClInclude>
    <ClInclude Include="..\include\Utilitys.hpp">
      <Filter>Header Files</Filter>
    </ClInclude>
    <ClInclude Include="..\src\User\Scenes\SceneBegin.h">
      <Filter>User\Scenes</Filter>
    </ClInclude>
    <ClInclude Include="..\src\User\Scenes\SceneTutorial.h">
      <Filter>User\Scenes</Filter>
    </ClInclude>
    <ClInclude Include="..\src\User\Utilitys\TutorialData.h">
      <Filter>User\Utilitys</Filter>
    </ClInclude>
    <ClInclude Include="..\include\TutorialData.hpp">
      <Filter>Header Files</Filter>
    </ClInclude>
    <ClInclude Include="..\src\User\Utilitys\ObjRender.h">
      <Filter>User\Utilitys</Filter>
    </ClInclude>
    <ClInclude Include="..\src\User\Utilitys\Skydome.h">
      <Filter>User\Utilitys</Filter>
    </ClInclude>
    <ClInclude Include="..\src\User\Field\KarakuriMeshObj.h">
      <Filter>User\Field</Filter>
    </ClInclude>
    <ClInclude Include="..\src\User\Field\KarakuriActor.h">
      <Filter>User\Field</Filter>
    </ClInclude>
    <ClInclude Include="..\src\User\Field\KarakuriRectObj.h">
      <Filter>User\Field</Filter>
    </ClInclude>
    <ClInclude Include="..\src\User\Utilitys\GlobalEditor.h">
      <Filter>User\Utilitys</Filter>
    </ClInclude>
    <ClInclude Include="..\src\User\Utilitys\GlobalDraw.h">
      <Filter>User\Utilitys</Filter>
    </ClInclude>
    <ClInclude Include="..\src\User\Enemys\EnemyTutorial.h">
      <Filter>User\Enemys</Filter>
    </ClInclude>
    <ClInclude Include="..\src\User\Interfaces\Talk.h">
      <Filter>User\Interfaces</Filter>
    </ClInclude>
    <ClInclude Include="..\src\User\Interfaces\Interface.h">
      <Filter>User\Interfaces</Filter>
    </ClInclude>
    <ClInclude Include="..\src\User\Utilitys\Yumayo.h">
      <Filter>User\Utilitys</Filter>
    </ClInclude>
    <ClInclude Include="..\src\User\Interfaces\Description.h">
      <Filter>User\Interfaces</Filter>
    </ClInclude>
    <ClInclude Include="..\src\User\Effect\EffectActor.hpp">
      <Filter>User\Effect</Filter>
    </ClInclude>
    <ClInclude Include="..\src\User\Effect\EffectAlpha.h">
      <Filter>User\Effect</Filter>
    </ClInclude>
    <ClInclude Include="..\src\User\Effect\EffectBase.h">
      <Filter>User\Effect</Filter>
    </ClInclude>
    <ClInclude Include="..\src\User\Effect\EffectCombo.h">
      <Filter>User\Effect</Filter>
    </ClInclude>
    <ClInclude Include="..\src\User\Effect\EffectManager.h">
      <Filter>User\Effect</Filter>
    </ClInclude>
  </ItemGroup>
  <ItemGroup>
    <ClInclude Include="..\include\Resources.h">
      <Filter>Header Files</Filter>
    </ClInclude>
    <ClInclude Include="..\src\Lib\InputGamepad.h">
      <Filter>Lib</Filter>
    </ClInclude>
    <ClInclude Include="..\src\Lib\InputGamepadLib.h">
      <Filter>Lib</Filter>
    </ClInclude>
    <ClInclude Include="..\src\Lib\InputGamepadTask.h">
      <Filter>Lib</Filter>
    </ClInclude>
    <ClInclude Include="..\src\Lib\InputKey.h">
      <Filter>Lib</Filter>
    </ClInclude>
    <ClInclude Include="..\src\Lib\InputMouse.h">
      <Filter>Lib</Filter>
    </ClInclude>
    <ClInclude Include="..\src\Lib\InputTask.h">
      <Filter>Lib</Filter>
    </ClInclude>
    <ClInclude Include="..\src\Cinder.h">
      <Filter>Header Files</Filter>
    </ClInclude>
  </ItemGroup>
  <ItemGroup>
    <ResourceCompile Include="Resources.rc">
      <Filter>Resource Files</Filter>
    </ResourceCompile>
  </ItemGroup>
  <ItemGroup>
    <ClCompile Include="..\src\Lib\Input.cpp">
      <Filter>Lib</Filter>
    </ClCompile>
    <ClCompile Include="..\src\Lib\InputTouch.cpp">
      <Filter>Lib</Filter>
    </ClCompile>
    <ClCompile Include="..\src\User\Networks\NetworkUDPP2PRecv.cpp">
      <Filter>User\Networks</Filter>
    </ClCompile>
    <ClCompile Include="..\src\User\Networks\NetworkUDPP2PSend.cpp">
      <Filter>User\Networks</Filter>
    </ClCompile>
    <ClCompile Include="..\src\User\Scenes\SceneTitle.cpp">
      <Filter>User\Scenes</Filter>
    </ClCompile>
    <ClCompile Include="..\src\User\SceneSystems\SceneBase.cpp">
      <Filter>User\SceneSystems</Filter>
    </ClCompile>
    <ClCompile Include="..\src\User\SceneSystems\SceneCreater.cpp">
      <Filter>User\SceneSystems</Filter>
    </ClCompile>
    <ClCompile Include="..\src\User\SceneSystems\SceneTask.cpp">
      <Filter>User\SceneSystems</Filter>
    </ClCompile>
    <ClCompile Include="..\src\User\Utilitys\Colli2D.cpp">
      <Filter>User\Utilitys</Filter>
    </ClCompile>
    <ClCompile Include="..\src\User\Utilitys\Coloring.cpp">
      <Filter>User\Utilitys</Filter>
    </ClCompile>
    <ClCompile Include="..\src\User\Utilitys\ETC.cpp">
      <Filter>User\Utilitys</Filter>
    </ClCompile>
    <ClCompile Include="..\src\User\Utilitys\FileIO.cpp">
      <Filter>User\Utilitys</Filter>
    </ClCompile>
    <ClCompile Include="..\src\User\Player\Player.cpp">
      <Filter>User\Player</Filter>
    </ClCompile>
    <ClCompile Include="..\src\User\Attack\AttackFactory.cpp">
      <Filter>User\AttackFactory</Filter>
    </ClCompile>
    <ClCompile Include="..\src\User\Deffence\Deffence.cpp">
      <Filter>User\Deffence</Filter>
    </ClCompile>
    <ClCompile Include="..\src\User\SlashEffect\SlashEffect.cpp">
      <Filter>User\SlashEffect</Filter>
    </ClCompile>
    <ClCompile Include="..\src\User\Scenes\SceneGame.cpp">
      <Filter>User\Scenes</Filter>
    </ClCompile>
    <ClCompile Include="..\src\User\Assets\Asstes.cpp">
      <Filter>User\Asset</Filter>
    </ClCompile>
    <ClCompile Include="..\src\User\Enemys\EnemyBase.cpp">
      <Filter>User\Enemys</Filter>
    </ClCompile>
    <ClCompile Include="..\src\User\Enemys\EnemyBulletBase.cpp">
      <Filter>User\Enemys</Filter>
    </ClCompile>
    <ClCompile Include="..\src\User\Enemys\EnemyBulletManager.cpp">
      <Filter>User\Enemys</Filter>
    </ClCompile>
    <ClCompile Include="..\src\User\Enemys\EnemyObject.cpp">
      <Filter>User\Enemys</Filter>
    </ClCompile>
    <ClCompile Include="..\src\User\Enemys\EnemyBulletTexture.cpp">
      <Filter>User\Enemys</Filter>
    </ClCompile>
    <ClCompile Include="..\src\User\Field\Field.cpp">
      <Filter>User\Field</Filter>
    </ClCompile>
    <ClCompile Include="..\src\User\Utilitys\Hirasawa.cpp">
      <Filter>User\Utilitys</Filter>
    </ClCompile>
    <ClCompile Include="..\src\User\Utilitys\Nomoto.cpp">
      <Filter>User\Utilitys</Filter>
    </ClCompile>
    <ClCompile Include="..\src\Lib\Environment.cpp">
      <Filter>Lib</Filter>
    </ClCompile>
    <ClCompile Include="..\src\User\Field\KarakuriObject.cpp">
      <Filter>User\Field</Filter>
    </ClCompile>
    <ClCompile Include="..\src\User\Enemys\EnemySlash.cpp">
      <Filter>User\Enemys</Filter>
    </ClCompile>
    <ClCompile Include="..\src\User\Enemys\EnemyBullet.cpp">
      <Filter>User\Enemys</Filter>
    </ClCompile>
    <ClCompile Include="..\src\User\Enemys\EnemyManager.cpp">
      <Filter>User\Enemys</Filter>
    </ClCompile>
    <ClCompile Include="..\src\User\Field\FieldManager.cpp">
      <Filter>User\Field</Filter>
    </ClCompile>
    <ClCompile Include="..\src\User\Scenes\SceneResult.cpp">
      <Filter>User\Scenes</Filter>
    </ClCompile>
    <ClCompile Include="..\src\User\Enemys\EnemyBoss.cpp">
      <Filter>User\Enemys</Filter>
    </ClCompile>
    <ClCompile Include="..\src\User\Special\Circle.cpp">
      <Filter>User\Special</Filter>
    </ClCompile>
    <ClCompile Include="..\src\User\Special\Fire.cpp">
      <Filter>User\Special</Filter>
    </ClCompile>
    <ClCompile Include="..\src\User\Special\Gage.cpp">
      <Filter>User\Special</Filter>
    </ClCompile>
    <ClCompile Include="..\src\User\Special\SmallFire.cpp">
      <Filter>User\Special</Filter>
    </ClCompile>
    <ClCompile Include="..\src\User\Special\Special.cpp">
      <Filter>User\Special</Filter>
    </ClCompile>
    <ClCompile Include="..\src\User\Special\SpecialEffect.cpp">
      <Filter>User\Special</Filter>
    </ClCompile>
    <ClCompile Include="..\src\User\Special\SpecialMinigame.cpp">
      <Filter>User\Special</Filter>
    </ClCompile>
    <ClCompile Include="..\src\User\Special\SpecialName.cpp">
      <Filter>User\Special</Filter>
    </ClCompile>
    <ClCompile Include="..\src\User\Special\SpecialSelect.cpp">
      <Filter>User\Special</Filter>
    </ClCompile>
    <ClCompile Include="..\src\User\Special\Tree.cpp">
      <Filter>User\Special</Filter>
    </ClCompile>
    <ClCompile Include="..\src\User\Special\Water.cpp">
      <Filter>User\Special</Filter>
    </ClCompile>
    <ClCompile Include="..\src\User\Utilitys\Audio.cpp">
      <Filter>User\Utilitys</Filter>
    </ClCompile>
    <ClCompile Include="..\src\User\Utilitys\fileUtil.cpp">
      <Filter>User\Utilitys</Filter>
    </ClCompile>
    <ClCompile Include="..\src\User\ZKOO\InputZKOO.cpp">
      <Filter>User\ZKOO</Filter>
    </ClCompile>
    <ClCompile Include="..\src\User\ZKOO\ZKOO.cpp">
      <Filter>User\ZKOO</Filter>
    </ClCompile>
    <ClCompile Include="..\src\User\ZKOO\ZKOOHand.cpp">
      <Filter>User\ZKOO</Filter>
    </ClCompile>
    <ClCompile Include="..\src\User\ZKOO\ZKOOMaker.cpp">
      <Filter>User\ZKOO</Filter>
    </ClCompile>
    <ClCompile Include="..\src\User\Utilitys\SearchSystem.cpp">
      <Filter>User\Utilitys</Filter>
    </ClCompile>
    <ClCompile Include="..\src\User\Utilitys\GlobalData.cpp">
      <Filter>User\Utilitys</Filter>
    </ClCompile>
    <ClCompile Include="..\src\User\Scenes\SceneBegin.cpp">
      <Filter>User\Scenes</Filter>
    </ClCompile>
    <ClCompile Include="..\src\User\Scenes\SceneTutorial.cpp">
      <Filter>User\Scenes</Filter>
    </ClCompile>
    <ClCompile Include="..\src\User\Utilitys\TutorialData.cpp">
      <Filter>User\Utilitys</Filter>
    </ClCompile>
    <ClCompile Include="..\src\User\Utilitys\ObjRender.cpp">
      <Filter>User\Utilitys</Filter>
    </ClCompile>
    <ClCompile Include="..\src\User\Utilitys\Skydome.cpp">
      <Filter>User\Utilitys</Filter>
    </ClCompile>
    <ClCompile Include="..\src\User\Field\KarakuriMeshObj.cpp">
      <Filter>User\Field</Filter>
    </ClCompile>
    <ClCompile Include="..\src\User\Field\KarakuriActor.cpp">
      <Filter>User\Field</Filter>
    </ClCompile>
    <ClCompile Include="..\src\User\Field\KarakuriRectObj.cpp">
      <Filter>User\Field</Filter>
    </ClCompile>
    <ClCompile Include="..\src\User\Utilitys\GlobalEditor.cpp">
      <Filter>User\Utilitys</Filter>
    </ClCompile>
    <ClCompile Include="..\src\User\Utilitys\GlobalDraw.cpp">
      <Filter>User\Utilitys</Filter>
    </ClCompile>
    <ClCompile Include="..\src\User\Enemys\EnemyTutorial.cpp">
      <Filter>User\Enemys</Filter>
    </ClCompile>
    <ClCompile Include="..\src\User\Interfaces\Talk.cpp">
      <Filter>User\Interfaces</Filter>
    </ClCompile>
    <ClCompile Include="..\src\User\Interfaces\Interface.cpp">
      <Filter>User\Interfaces</Filter>
    </ClCompile>
    <ClCompile Include="..\src\User\Utilitys\Yumayo.cpp">
      <Filter>User\Utilitys</Filter>
    </ClCompile>
    <ClCompile Include="..\src\User\Interfaces\Description.cpp">
      <Filter>User\Interfaces</Filter>
    </ClCompile>
    <ClCompile Include="..\src\User\Effect\EffectAlpha.cpp">
      <Filter>User\Effect</Filter>
    </ClCompile>
    <ClCompile Include="..\src\User\Effect\EffectBase.cpp">
      <Filter>User\Effect</Filter>
    </ClCompile>
    <ClCompile Include="..\src\User\Effect\EffectCombo.cpp">
      <Filter>User\Effect</Filter>
    </ClCompile>
    <ClCompile Include="..\src\User\Effect\EffectManager.cpp">
      <Filter>User\Effect</Filter>
    </ClCompile>
  </ItemGroup>
</Project>